
Microsoft Visual Studio Solution File, Format Version 12.00
# Visual Studio Express 2012 for Windows Desktop
Project("{FAE04EC0-301F-11D3-BF4B-00C04F79EFBC}") = "project_hospital", "project_hospital\project_hospital.csproj", "{1FFB02C8-E019-4D8D-9224-DE9C0921557B}"
EndProject
Global
	GlobalSection(SolutionConfigurationPlatforms) = preSolution
		Debug|Any CPU = Debug|Any CPU
		Release|Any CPU = Release|Any CPU
	EndGlobalSection
	GlobalSection(ProjectConfigurationPlatforms) = postSolution
		{1FFB02C8-E019-4D8D-9224-DE9C0921557B}.Debug|Any CPU.ActiveCfg = Debug|Any CPU
		{1FFB02C8-E019-4D8D-9224-DE9C0921557B}.Debug|Any CPU.Build.0 = Debug|Any CPU
		{1FFB02C8-E019-4D8D-9224-DE9C0921557B}.Release|Any CPU.ActiveCfg = Release|Any CPU
		{1FFB02C8-E019-4D8D-9224-DE9C0921557B}.Release|Any CPU.Build.0 = Release|Any CPU
	EndGlobalSection
	GlobalSection(SolutionProperties) = preSolution
		HideSolutionNode = FALSE
	EndGlobalSection
EndGlobal
